
Microsoft Visual Studio Solution File, Format Version 12.00
# Visual Studio Version 17
VisualStudioVersion = 17.8.34330.188
MinimumVisualStudioVersion = 10.0.40219.1
Project("{FAE04EC0-301F-11D3-BF4B-00C04F79EFBC}") = "ElasticSearch.API", "ElasticSearch.API\ElasticSearch.API.csproj", "{3E3D4354-1D14-48F9-88BA-D97D6E5B1FF8}"
EndProject
Global
	GlobalSection(SolutionConfigurationPlatforms) = preSolution
		Debug|Any CPU = Debug|Any CPU
		Release|Any CPU = Release|Any CPU
	EndGlobalSection
	GlobalSection(ProjectConfigurationPlatforms) = postSolution
		{3E3D4354-1D14-48F9-88BA-D97D6E5B1FF8}.Debug|Any CPU.ActiveCfg = Debug|Any CPU
		{3E3D4354-1D14-48F9-88BA-D97D6E5B1FF8}.Debug|Any CPU.Build.0 = Debug|Any CPU
		{3E3D4354-1D14-48F9-88BA-D97D6E5B1FF8}.Release|Any CPU.ActiveCfg = Release|Any CPU
		{3E3D4354-1D14-48F9-88BA-D97D6E5B1FF8}.Release|Any CPU.Build.0 = Release|Any CPU
	EndGlobalSection
	GlobalSection(SolutionProperties) = preSolution
		HideSolutionNode = FALSE
	EndGlobalSection
	GlobalSection(ExtensibilityGlobals) = postSolution
		SolutionGuid = {08F8EF9C-88F2-4CB4-B746-6260CF4CB76F}
	EndGlobalSection
EndGlobal
